
Microsoft Visual Studio Solution File, Format Version 12.00
# Visual Studio 14
VisualStudioVersion = 14.0.25420.1
MinimumVisualStudioVersion = 10.0.40219.1
Project("{FAE04EC0-301F-11D3-BF4B-00C04F79EFBC}") = "Min_heap", "Min_heap\Min_heap.csproj", "{236A1C51-2772-4603-82D0-9B953A0426BB}"
EndProject
Global
	GlobalSection(SolutionConfigurationPlatforms) = preSolution
		Debug|Any CPU = Debug|Any CPU
		Release|Any CPU = Release|Any CPU
	EndGlobalSection
	GlobalSection(ProjectConfigurationPlatforms) = postSolution
		{236A1C51-2772-4603-82D0-9B953A0426BB}.Debug|Any CPU.ActiveCfg = Debug|Any CPU
		{236A1C51-2772-4603-82D0-9B953A0426BB}.Debug|Any CPU.Build.0 = Debug|Any CPU
		{236A1C51-2772-4603-82D0-9B953A0426BB}.Release|Any CPU.ActiveCfg = Release|Any CPU
		{236A1C51-2772-4603-82D0-9B953A0426BB}.Release|Any CPU.Build.0 = Release|Any CPU
	EndGlobalSection
	GlobalSection(SolutionProperties) = preSolution
		HideSolutionNode = FALSE
	EndGlobalSection
EndGlobal
